
Microsoft Visual Studio Solution File, Format Version 12.00
# Visual Studio Version 17
VisualStudioVersion = 17.0.32014.148
MinimumVisualStudioVersion = 10.0.40219.1
Project("{9A19103F-16F7-4668-BE54-9A1E7A4F7556}") = "SharpPulsar.Test", "Tests\SharpPulsar.Test\SharpPulsar.Test.csproj", "{82E83F82-B004-40B9-9391-1ED2B8E12AB1}"
EndProject
Project("{2150E333-8FDC-42A3-9474-1A3956D46DE8}") = "Solution Items", "Solution Items", "{B9FEDDC4-BE7A-46A8-899E-B5001704ABF1}"
	ProjectSection(SolutionItems) = preProject
		.editorconfig = .editorconfig
		CHANGELOG.md = CHANGELOG.md
		docker-compose.yml = docker-compose.yml
		Dockerfile = Dockerfile
		gitversion.yml = gitversion.yml
		README.md = README.md
	EndProjectSection
EndProject
Project("{9A19103F-16F7-4668-BE54-9A1E7A4F7556}") = "SharpPulsar", "SharpPulsar\SharpPulsar.csproj", "{43E2BD05-1E73-4887-80E4-17FB49711AF1}"
EndProject
Project("{9A19103F-16F7-4668-BE54-9A1E7A4F7556}") = "_build", "build\_build.csproj", "{9C7CB92B-C18F-41B1-BF1D-D55506BB8C07}"
EndProject
Project("{2150E333-8FDC-42A3-9474-1A3956D46DE8}") = "Tests", "Tests", "{99773F88-3FCC-484A-AEBF-E863FE0E4866}"
EndProject
Project("{2150E333-8FDC-42A3-9474-1A3956D46DE8}") = "docker", "docker", "{F7A4ED9D-F859-4738-A5AC-492BC57521FD}"
	ProjectSection(SolutionItems) = preProject
		docker\README.md = docker\README.md
	EndProjectSection
EndProject
Project("{2150E333-8FDC-42A3-9474-1A3956D46DE8}") = "compose", "compose", "{F9003C2F-1F79-4FDC-9D87-BA02244476EF}"
EndProject
Project("{2150E333-8FDC-42A3-9474-1A3956D46DE8}") = "tls", "tls", "{F39C9922-2E2D-41D5-AD49-B30E727F2F0E}"
	ProjectSection(SolutionItems) = preProject
		docker\compose\tls\docker-compose.yml = docker\compose\tls\docker-compose.yml
	EndProjectSection
EndProject
Project("{2150E333-8FDC-42A3-9474-1A3956D46DE8}") = "simple", "simple", "{A989E239-D0E2-47C6-A577-916F71C5487F}"
	ProjectSection(SolutionItems) = preProject
		docker\compose\simple\docker-compose.yml = docker\compose\simple\docker-compose.yml
	EndProjectSection
EndProject
Project("{2150E333-8FDC-42A3-9474-1A3956D46DE8}") = "multi", "multi", "{D79CA6A6-5B2C-4F6E-839E-53E20E6064DF}"
	ProjectSection(SolutionItems) = preProject
		docker\compose\multi\docker-compose.yml = docker\compose\multi\docker-compose.yml
	EndProjectSection
EndProject
Project("{2150E333-8FDC-42A3-9474-1A3956D46DE8}") = "latest-version-image", "latest-version-image", "{D32D8B49-E963-4CAE-9FA2-F7FFCAE8752A}"
	ProjectSection(SolutionItems) = preProject
		docker\latest-version-image\Dockerfile = docker\latest-version-image\Dockerfile
	EndProjectSection
EndProject
Project("{2150E333-8FDC-42A3-9474-1A3956D46DE8}") = "conf", "conf", "{BE51FF3B-EA56-4609-8CB7-A3BB1C3C081A}"
	ProjectSection(SolutionItems) = preProject
		docker\latest-version-image\conf\bookie.conf = docker\latest-version-image\conf\bookie.conf
		docker\latest-version-image\conf\broker.conf = docker\latest-version-image\conf\broker.conf
		docker\latest-version-image\conf\functions_worker.conf = docker\latest-version-image\conf\functions_worker.conf
		docker\latest-version-image\conf\global-zk.conf = docker\latest-version-image\conf\global-zk.conf
		docker\latest-version-image\conf\local-zk.conf = docker\latest-version-image\conf\local-zk.conf
		docker\latest-version-image\conf\presto_worker.conf = docker\latest-version-image\conf\presto_worker.conf
		docker\latest-version-image\conf\proxy.conf = docker\latest-version-image\conf\proxy.conf
		docker\latest-version-image\conf\supervisord.conf = docker\latest-version-image\conf\supervisord.conf
	EndProjectSection
EndProject
Project("{2150E333-8FDC-42A3-9474-1A3956D46DE8}") = "presto", "presto", "{1ED8187D-303F-4768-8341-FD8B15A54972}"
	ProjectSection(SolutionItems) = preProject
		docker\latest-version-image\conf\presto\jvm.config = docker\latest-version-image\conf\presto\jvm.config
	EndProjectSection
EndProject
Project("{2150E333-8FDC-42A3-9474-1A3956D46DE8}") = "scripts", "scripts", "{6F7B7EDC-2647-4CB9-8768-AD580B65FDED}"
	ProjectSection(SolutionItems) = preProject
		docker\latest-version-image\scripts\init-cluster.sh = docker\latest-version-image\scripts\init-cluster.sh
		docker\latest-version-image\scripts\run-bookie.sh = docker\latest-version-image\scripts\run-bookie.sh
		docker\latest-version-image\scripts\run-broker.sh = docker\latest-version-image\scripts\run-broker.sh
		docker\latest-version-image\scripts\run-functions-worker.sh = docker\latest-version-image\scripts\run-functions-worker.sh
		docker\latest-version-image\scripts\run-global-zk.sh = docker\latest-version-image\scripts\run-global-zk.sh
		docker\latest-version-image\scripts\run-local-zk.sh = docker\latest-version-image\scripts\run-local-zk.sh
		docker\latest-version-image\scripts\run-presto-worker.sh = docker\latest-version-image\scripts\run-presto-worker.sh
		docker\latest-version-image\scripts\run-proxy.sh = docker\latest-version-image\scripts\run-proxy.sh
		docker\latest-version-image\scripts\run-standalone.sh = docker\latest-version-image\scripts\run-standalone.sh
		docker\latest-version-image\scripts\run-websocket.sh = docker\latest-version-image\scripts\run-websocket.sh
	EndProjectSection
EndProject
Project("{2150E333-8FDC-42A3-9474-1A3956D46DE8}") = "ssl", "ssl", "{59623902-830D-4D6F-B1D0-DA74CD18B0DA}"
	ProjectSection(SolutionItems) = preProject
		docker\latest-version-image\ssl\admin.cert.pem = docker\latest-version-image\ssl\admin.cert.pem
		docker\latest-version-image\ssl\admin.key-pk8.pem = docker\latest-version-image\ssl\admin.key-pk8.pem
		docker\latest-version-image\ssl\broker.cert.pem = docker\latest-version-image\ssl\broker.cert.pem
		docker\latest-version-image\ssl\broker.key-pk8.pem = docker\latest-version-image\ssl\broker.key-pk8.pem
		docker\latest-version-image\ssl\ca.cert.pem = docker\latest-version-image\ssl\ca.cert.pem
		docker\latest-version-image\ssl\proxy.cert.pem = docker\latest-version-image\ssl\proxy.cert.pem
		docker\latest-version-image\ssl\proxy.key-pk8.pem = docker\latest-version-image\ssl\proxy.key-pk8.pem
		docker\latest-version-image\ssl\superproxy.cert.pem = docker\latest-version-image\ssl\superproxy.cert.pem
		docker\latest-version-image\ssl\superproxy.key-pk8.pem = docker\latest-version-image\ssl\superproxy.key-pk8.pem
		docker\latest-version-image\ssl\user1.cert.pem = docker\latest-version-image\ssl\user1.cert.pem
		docker\latest-version-image\ssl\user1.key-pk8.pem = docker\latest-version-image\ssl\user1.key-pk8.pem
	EndProjectSection
EndProject
Project("{9A19103F-16F7-4668-BE54-9A1E7A4F7556}") = "SharpPulsar.TestContainer", "Tests\SharpPulsar.TestContainer\SharpPulsar.TestContainer.csproj", "{D2718F23-CC0E-43D0-8BF6-D34E54C3F3DB}"
EndProject
Project("{9A19103F-16F7-4668-BE54-9A1E7A4F7556}") = "SharpPulsar.Test.NBench", "Tests\SharpPulsar.Test.NBench\SharpPulsar.Test.NBench.csproj", "{F8360A61-5159-4B5B-B4BF-C9D33874BF85}"
EndProject
Project("{9A19103F-16F7-4668-BE54-9A1E7A4F7556}") = "Tutorials", "Tutorials\Tutorials.csproj", "{8841EEEE-7E06-4D51-AF9E-11012274AA10}"
EndProject
Project("{9A19103F-16F7-4668-BE54-9A1E7A4F7556}") = "SharpPulsar.Test.API", "Tests\SharpPulsar.Test.API\SharpPulsar.Test.API.csproj", "{7514F79E-9E4A-4014-9284-43E1CC765239}"
EndProject
Project("{9A19103F-16F7-4668-BE54-9A1E7A4F7556}") = "SharpPulsar.Test.AutoClusterFailover", "Tests\SharpPulsar.Test.AutoClusterFailover\SharpPulsar.Test.AutoClusterFailover.csproj", "{5B299D4C-2038-4E26-BAD6-3609B637A2E5}"
EndProject
Project("{9A19103F-16F7-4668-BE54-9A1E7A4F7556}") = "SharpPulsar.Test.TableView", "Tests\SharpPulsar.Test.TableView\SharpPulsar.Test.TableView.csproj", "{EFAD73C4-A57B-4268-9770-8134D29E7555}"
EndProject
Project("{9A19103F-16F7-4668-BE54-9A1E7A4F7556}") = "SharpPulsar.Test.MultiTopic", "Tests\SharpPulsar.Test.MultiTopic\SharpPulsar.Test.MultiTopic.csproj", "{0DBD8A76-6F30-4BC8-ADAA-576A013A0DAD}"
EndProject
Project("{9A19103F-16F7-4668-BE54-9A1E7A4F7556}") = "SharpPulsar.Test.EventSource", "Tests\SharpPulsar.Test.EventSource\SharpPulsar.Test.EventSource.csproj", "{9DD1107B-2068-470C-BD36-E7F5085C39C4}"
EndProject
Project("{9A19103F-16F7-4668-BE54-9A1E7A4F7556}") = "SharpPulsar.Test.Tls", "Tests\SharpPulsar.Test.Tls\SharpPulsar.Test.Tls.csproj", "{9368E094-28E2-4296-A9A8-5B2D16859E3F}"
EndProject
Project("{FAE04EC0-301F-11D3-BF4B-00C04F79EFBC}") = "SharpPulsar.Test.Acks", "Tests\SharpPulsar.Test.Acks\SharpPulsar.Test.Acks.csproj", "{F7BB1ABC-AB09-466D-8AB9-F03CCFA5E2B7}"
EndProject
Project("{9A19103F-16F7-4668-BE54-9A1E7A4F7556}") = "SharpPulsar.Test.Partitioned", "Tests\SharpPulsar.Test.Partitioned\SharpPulsar.Test.Partitioned.csproj", "{0DECB4DC-CFFC-4CEB-9555-9C62444C7947}"
EndProject
Project("{9A19103F-16F7-4668-BE54-9A1E7A4F7556}") = "SharpPulsar.Test.Transaction", "Tests\SharpPulsar.Test.Transaction\SharpPulsar.Test.Transaction.csproj", "{1279219D-EB88-4155-BEF4-D96F8907CB3F}"
EndProject
Global
	GlobalSection(SolutionConfigurationPlatforms) = preSolution
		Debug|Any CPU = Debug|Any CPU
		Release|Any CPU = Release|Any CPU
	EndGlobalSection
	GlobalSection(ProjectConfigurationPlatforms) = postSolution
		{82E83F82-B004-40B9-9391-1ED2B8E12AB1}.Debug|Any CPU.ActiveCfg = Debug|Any CPU
		{82E83F82-B004-40B9-9391-1ED2B8E12AB1}.Debug|Any CPU.Build.0 = Debug|Any CPU
		{82E83F82-B004-40B9-9391-1ED2B8E12AB1}.Release|Any CPU.ActiveCfg = Release|Any CPU
		{82E83F82-B004-40B9-9391-1ED2B8E12AB1}.Release|Any CPU.Build.0 = Release|Any CPU
		{43E2BD05-1E73-4887-80E4-17FB49711AF1}.Debug|Any CPU.ActiveCfg = Debug|Any CPU
		{43E2BD05-1E73-4887-80E4-17FB49711AF1}.Debug|Any CPU.Build.0 = Debug|Any CPU
		{43E2BD05-1E73-4887-80E4-17FB49711AF1}.Release|Any CPU.ActiveCfg = Release|Any CPU
		{43E2BD05-1E73-4887-80E4-17FB49711AF1}.Release|Any CPU.Build.0 = Release|Any CPU
		{9C7CB92B-C18F-41B1-BF1D-D55506BB8C07}.Debug|Any CPU.ActiveCfg = Debug|Any CPU
		{9C7CB92B-C18F-41B1-BF1D-D55506BB8C07}.Release|Any CPU.ActiveCfg = Release|Any CPU
		{D2718F23-CC0E-43D0-8BF6-D34E54C3F3DB}.Debug|Any CPU.ActiveCfg = Debug|Any CPU
		{D2718F23-CC0E-43D0-8BF6-D34E54C3F3DB}.Debug|Any CPU.Build.0 = Debug|Any CPU
		{D2718F23-CC0E-43D0-8BF6-D34E54C3F3DB}.Release|Any CPU.ActiveCfg = Release|Any CPU
		{D2718F23-CC0E-43D0-8BF6-D34E54C3F3DB}.Release|Any CPU.Build.0 = Release|Any CPU
		{F8360A61-5159-4B5B-B4BF-C9D33874BF85}.Debug|Any CPU.ActiveCfg = Debug|Any CPU
		{F8360A61-5159-4B5B-B4BF-C9D33874BF85}.Debug|Any CPU.Build.0 = Debug|Any CPU
		{F8360A61-5159-4B5B-B4BF-C9D33874BF85}.Release|Any CPU.ActiveCfg = Release|Any CPU
		{F8360A61-5159-4B5B-B4BF-C9D33874BF85}.Release|Any CPU.Build.0 = Release|Any CPU
		{8841EEEE-7E06-4D51-AF9E-11012274AA10}.Debug|Any CPU.ActiveCfg = Debug|Any CPU
		{8841EEEE-7E06-4D51-AF9E-11012274AA10}.Debug|Any CPU.Build.0 = Debug|Any CPU
		{8841EEEE-7E06-4D51-AF9E-11012274AA10}.Release|Any CPU.ActiveCfg = Release|Any CPU
		{8841EEEE-7E06-4D51-AF9E-11012274AA10}.Release|Any CPU.Build.0 = Release|Any CPU
		{7514F79E-9E4A-4014-9284-43E1CC765239}.Debug|Any CPU.ActiveCfg = Debug|Any CPU
		{7514F79E-9E4A-4014-9284-43E1CC765239}.Debug|Any CPU.Build.0 = Debug|Any CPU
		{7514F79E-9E4A-4014-9284-43E1CC765239}.Release|Any CPU.ActiveCfg = Release|Any CPU
		{7514F79E-9E4A-4014-9284-43E1CC765239}.Release|Any CPU.Build.0 = Release|Any CPU
		{5B299D4C-2038-4E26-BAD6-3609B637A2E5}.Debug|Any CPU.ActiveCfg = Debug|Any CPU
		{5B299D4C-2038-4E26-BAD6-3609B637A2E5}.Debug|Any CPU.Build.0 = Debug|Any CPU
		{5B299D4C-2038-4E26-BAD6-3609B637A2E5}.Release|Any CPU.ActiveCfg = Release|Any CPU
		{5B299D4C-2038-4E26-BAD6-3609B637A2E5}.Release|Any CPU.Build.0 = Release|Any CPU
		{EFAD73C4-A57B-4268-9770-8134D29E7555}.Debug|Any CPU.ActiveCfg = Debug|Any CPU
		{EFAD73C4-A57B-4268-9770-8134D29E7555}.Debug|Any CPU.Build.0 = Debug|Any CPU
		{EFAD73C4-A57B-4268-9770-8134D29E7555}.Release|Any CPU.ActiveCfg = Release|Any CPU
		{EFAD73C4-A57B-4268-9770-8134D29E7555}.Release|Any CPU.Build.0 = Release|Any CPU
		{0DBD8A76-6F30-4BC8-ADAA-576A013A0DAD}.Debug|Any CPU.ActiveCfg = Debug|Any CPU
		{0DBD8A76-6F30-4BC8-ADAA-576A013A0DAD}.Debug|Any CPU.Build.0 = Debug|Any CPU
		{0DBD8A76-6F30-4BC8-ADAA-576A013A0DAD}.Release|Any CPU.ActiveCfg = Release|Any CPU
		{0DBD8A76-6F30-4BC8-ADAA-576A013A0DAD}.Release|Any CPU.Build.0 = Release|Any CPU
		{9DD1107B-2068-470C-BD36-E7F5085C39C4}.Debug|Any CPU.ActiveCfg = Debug|Any CPU
		{9DD1107B-2068-470C-BD36-E7F5085C39C4}.Debug|Any CPU.Build.0 = Debug|Any CPU
		{9DD1107B-2068-470C-BD36-E7F5085C39C4}.Release|Any CPU.ActiveCfg = Release|Any CPU
		{9DD1107B-2068-470C-BD36-E7F5085C39C4}.Release|Any CPU.Build.0 = Release|Any CPU
		{9368E094-28E2-4296-A9A8-5B2D16859E3F}.Debug|Any CPU.ActiveCfg = Debug|Any CPU
		{9368E094-28E2-4296-A9A8-5B2D16859E3F}.Debug|Any CPU.Build.0 = Debug|Any CPU
		{9368E094-28E2-4296-A9A8-5B2D16859E3F}.Release|Any CPU.ActiveCfg = Release|Any CPU
		{9368E094-28E2-4296-A9A8-5B2D16859E3F}.Release|Any CPU.Build.0 = Release|Any CPU
		{F7BB1ABC-AB09-466D-8AB9-F03CCFA5E2B7}.Debug|Any CPU.ActiveCfg = Debug|Any CPU
		{F7BB1ABC-AB09-466D-8AB9-F03CCFA5E2B7}.Debug|Any CPU.Build.0 = Debug|Any CPU
		{F7BB1ABC-AB09-466D-8AB9-F03CCFA5E2B7}.Release|Any CPU.ActiveCfg = Release|Any CPU
		{F7BB1ABC-AB09-466D-8AB9-F03CCFA5E2B7}.Release|Any CPU.Build.0 = Release|Any CPU
		{0DECB4DC-CFFC-4CEB-9555-9C62444C7947}.Debug|Any CPU.ActiveCfg = Debug|Any CPU
		{0DECB4DC-CFFC-4CEB-9555-9C62444C7947}.Debug|Any CPU.Build.0 = Debug|Any CPU
		{0DECB4DC-CFFC-4CEB-9555-9C62444C7947}.Release|Any CPU.ActiveCfg = Release|Any CPU
		{0DECB4DC-CFFC-4CEB-9555-9C62444C7947}.Release|Any CPU.Build.0 = Release|Any CPU
		{1279219D-EB88-4155-BEF4-D96F8907CB3F}.Debug|Any CPU.ActiveCfg = Debug|Any CPU
		{1279219D-EB88-4155-BEF4-D96F8907CB3F}.Debug|Any CPU.Build.0 = Debug|Any CPU
		{1279219D-EB88-4155-BEF4-D96F8907CB3F}.Release|Any CPU.ActiveCfg = Release|Any CPU
		{1279219D-EB88-4155-BEF4-D96F8907CB3F}.Release|Any CPU.Build.0 = Release|Any CPU
	EndGlobalSection
	GlobalSection(SolutionProperties) = preSolution
		HideSolutionNode = FALSE
	EndGlobalSection
	GlobalSection(NestedProjects) = preSolution
		{82E83F82-B004-40B9-9391-1ED2B8E12AB1} = {99773F88-3FCC-484A-AEBF-E863FE0E4866}
		{F9003C2F-1F79-4FDC-9D87-BA02244476EF} = {F7A4ED9D-F859-4738-A5AC-492BC57521FD}
		{F39C9922-2E2D-41D5-AD49-B30E727F2F0E} = {F9003C2F-1F79-4FDC-9D87-BA02244476EF}
		{A989E239-D0E2-47C6-A577-916F71C5487F} = {F9003C2F-1F79-4FDC-9D87-BA02244476EF}
		{D79CA6A6-5B2C-4F6E-839E-53E20E6064DF} = {F9003C2F-1F79-4FDC-9D87-BA02244476EF}
		{D32D8B49-E963-4CAE-9FA2-F7FFCAE8752A} = {F7A4ED9D-F859-4738-A5AC-492BC57521FD}
		{BE51FF3B-EA56-4609-8CB7-A3BB1C3C081A} = {D32D8B49-E963-4CAE-9FA2-F7FFCAE8752A}
		{1ED8187D-303F-4768-8341-FD8B15A54972} = {BE51FF3B-EA56-4609-8CB7-A3BB1C3C081A}
		{6F7B7EDC-2647-4CB9-8768-AD580B65FDED} = {D32D8B49-E963-4CAE-9FA2-F7FFCAE8752A}
		{59623902-830D-4D6F-B1D0-DA74CD18B0DA} = {D32D8B49-E963-4CAE-9FA2-F7FFCAE8752A}
		{D2718F23-CC0E-43D0-8BF6-D34E54C3F3DB} = {99773F88-3FCC-484A-AEBF-E863FE0E4866}
		{F8360A61-5159-4B5B-B4BF-C9D33874BF85} = {99773F88-3FCC-484A-AEBF-E863FE0E4866}
		{7514F79E-9E4A-4014-9284-43E1CC765239} = {99773F88-3FCC-484A-AEBF-E863FE0E4866}
		{5B299D4C-2038-4E26-BAD6-3609B637A2E5} = {99773F88-3FCC-484A-AEBF-E863FE0E4866}
		{EFAD73C4-A57B-4268-9770-8134D29E7555} = {99773F88-3FCC-484A-AEBF-E863FE0E4866}
		{0DBD8A76-6F30-4BC8-ADAA-576A013A0DAD} = {99773F88-3FCC-484A-AEBF-E863FE0E4866}
		{9DD1107B-2068-470C-BD36-E7F5085C39C4} = {99773F88-3FCC-484A-AEBF-E863FE0E4866}
		{9368E094-28E2-4296-A9A8-5B2D16859E3F} = {99773F88-3FCC-484A-AEBF-E863FE0E4866}
		{F7BB1ABC-AB09-466D-8AB9-F03CCFA5E2B7} = {99773F88-3FCC-484A-AEBF-E863FE0E4866}
		{0DECB4DC-CFFC-4CEB-9555-9C62444C7947} = {99773F88-3FCC-484A-AEBF-E863FE0E4866}
		{1279219D-EB88-4155-BEF4-D96F8907CB3F} = {99773F88-3FCC-484A-AEBF-E863FE0E4866}
	EndGlobalSection
	GlobalSection(ExtensibilityGlobals) = postSolution
		SolutionGuid = {A9D4BE7B-E00C-47EC-87B3-4064A8F6F75E}
	EndGlobalSection
EndGlobal
